
Microsoft Visual Studio Solution File, Format Version 12.00
# Visual Studio Version 16
VisualStudioVersion = 25.0.1706.1
MinimumVisualStudioVersion = 10.0.40219.1
Project("{FAE04EC0-301F-11D3-BF4B-00C04F79EFBC}") = "api", "server\api\api.csproj", "{668FF458-BD17-4093-8642-ACF5607542BC}"
EndProject
Project("{2150E333-8FDC-42A3-9474-1A3956D46DE8}") = "server", "server", "{23B8AC1E-0984-4D15-834F-81FF26FDFB3E}"
EndProject
Project("{FAE04EC0-301F-11D3-BF4B-00C04F79EFBC}") = "core", "server\core\core.csproj", "{4251B864-3486-440D-B275-9B34F5B5FDDF}"
EndProject
Project("{FAE04EC0-301F-11D3-BF4B-00C04F79EFBC}") = "functions", "server\functions\functions.csproj", "{0BF9D01B-8C02-4E81-845C-27F1BF40DA60}"
EndProject
Project("{FAE04EC0-301F-11D3-BF4B-00C04F79EFBC}") = "test", "test\test.csproj", "{854C183B-B090-4632-8815-401AEBD7F8A4}"
EndProject
Global
	GlobalSection(SolutionConfigurationPlatforms) = preSolution
		Debug|Any CPU = Debug|Any CPU
		Release|Any CPU = Release|Any CPU
	EndGlobalSection
	GlobalSection(ProjectConfigurationPlatforms) = postSolution
		{668FF458-BD17-4093-8642-ACF5607542BC}.Debug|Any CPU.ActiveCfg = Debug|Any CPU
		{668FF458-BD17-4093-8642-ACF5607542BC}.Debug|Any CPU.Build.0 = Debug|Any CPU
		{668FF458-BD17-4093-8642-ACF5607542BC}.Release|Any CPU.ActiveCfg = Release|Any CPU
		{668FF458-BD17-4093-8642-ACF5607542BC}.Release|Any CPU.Build.0 = Release|Any CPU
		{4251B864-3486-440D-B275-9B34F5B5FDDF}.Debug|Any CPU.ActiveCfg = Debug|Any CPU
		{4251B864-3486-440D-B275-9B34F5B5FDDF}.Debug|Any CPU.Build.0 = Debug|Any CPU
		{4251B864-3486-440D-B275-9B34F5B5FDDF}.Release|Any CPU.ActiveCfg = Release|Any CPU
		{4251B864-3486-440D-B275-9B34F5B5FDDF}.Release|Any CPU.Build.0 = Release|Any CPU
		{0BF9D01B-8C02-4E81-845C-27F1BF40DA60}.Debug|Any CPU.ActiveCfg = Debug|Any CPU
		{0BF9D01B-8C02-4E81-845C-27F1BF40DA60}.Debug|Any CPU.Build.0 = Debug|Any CPU
		{0BF9D01B-8C02-4E81-845C-27F1BF40DA60}.Release|Any CPU.ActiveCfg = Release|Any CPU
		{0BF9D01B-8C02-4E81-845C-27F1BF40DA60}.Release|Any CPU.Build.0 = Release|Any CPU
		{854C183B-B090-4632-8815-401AEBD7F8A4}.Debug|Any CPU.ActiveCfg = Debug|Any CPU
		{854C183B-B090-4632-8815-401AEBD7F8A4}.Debug|Any CPU.Build.0 = Debug|Any CPU
		{854C183B-B090-4632-8815-401AEBD7F8A4}.Release|Any CPU.ActiveCfg = Release|Any CPU
		{854C183B-B090-4632-8815-401AEBD7F8A4}.Release|Any CPU.Build.0 = Release|Any CPU
	EndGlobalSection
	GlobalSection(SolutionProperties) = preSolution
		HideSolutionNode = FALSE
	EndGlobalSection
	GlobalSection(ExtensibilityGlobals) = postSolution
		SolutionGuid = {96527BBE-DF70-48C5-8BA4-92A29B53D93D}
	EndGlobalSection
	GlobalSection(NestedProjects) = preSolution
		{4251B864-3486-440D-B275-9B34F5B5FDDF} = {23B8AC1E-0984-4D15-834F-81FF26FDFB3E}
		{0BF9D01B-8C02-4E81-845C-27F1BF40DA60} = {23B8AC1E-0984-4D15-834F-81FF26FDFB3E}
	EndGlobalSection
EndGlobal
