
Microsoft Visual Studio Solution File, Format Version 12.00
# Visual Studio Version 16
VisualStudioVersion = 25.0.1706.1
MinimumVisualStudioVersion = 10.0.40219.1
Project("{FAE04EC0-301F-11D3-BF4B-00C04F79EFBC}") = "api", "api\api.csproj", "{668FF458-BD17-4093-8642-ACF5607542BC}"
EndProject
Global
	GlobalSection(SolutionConfigurationPlatforms) = preSolution
		Debug|Any CPU = Debug|Any CPU
		Release|Any CPU = Release|Any CPU
	EndGlobalSection
	GlobalSection(ProjectConfigurationPlatforms) = postSolution
		{668FF458-BD17-4093-8642-ACF5607542BC}.Debug|Any CPU.ActiveCfg = Debug|Any CPU
		{668FF458-BD17-4093-8642-ACF5607542BC}.Debug|Any CPU.Build.0 = Debug|Any CPU
		{668FF458-BD17-4093-8642-ACF5607542BC}.Release|Any CPU.ActiveCfg = Release|Any CPU
		{668FF458-BD17-4093-8642-ACF5607542BC}.Release|Any CPU.Build.0 = Release|Any CPU
	EndGlobalSection
	GlobalSection(SolutionProperties) = preSolution
		HideSolutionNode = FALSE
	EndGlobalSection
	GlobalSection(ExtensibilityGlobals) = postSolution
		SolutionGuid = {96527BBE-DF70-48C5-8BA4-92A29B53D93D}
	EndGlobalSection
EndGlobal
