# THIS IS AN AUTOGENERATED FILE. DO NOT EDIT THIS FILE DIRECTLY.
# yarn lockfile v1


"@progress/kendo-angular-upload@^9.0.0":
  version "9.0.0"
  resolved "https://registry.yarnpkg.com/@progress/kendo-angular-upload/-/kendo-angular-upload-9.0.0.tgz#57d12cacfa4b113f9bd575d96f71162ab026f43f"
  integrity sha512-iu+MlDRhW74wpLxMg2Vp48DYEO2l7fMBySosQS1OHK+TFeUPKdiCCPw26ngVVvhtkXS9unDjkffb4Pzr0FQX/Q==
  dependencies:
    "@progress/kendo-schematics" "^3.0.0"
    tslib "^2.3.1"

"@progress/kendo-schematics@^3.0.0":
  version "3.0.1"
  resolved "https://registry.yarnpkg.com/@progress/kendo-schematics/-/kendo-schematics-3.0.1.tgz#9f4b51b333593cf2c035d9af2f197c97d5112db8"
  integrity sha512-MGoNE6UWiOTYYWtScas4PoW33wLUHcAOtXuDBQZcIRsFBqzkxEkpT3Q1+ias3qR5tklMZOqAy/o6Xopw+bqJVA==

tslib@^2.3.1:
  version "2.4.0"
  resolved "https://registry.yarnpkg.com/tslib/-/tslib-2.4.0.tgz#7cecaa7f073ce680a05847aa77be941098f36dc3"
  integrity sha512-d6xOpEDfsi2CZVlPQzGeux8XMwLT9hssAsaPYExaQMuYskwb+x1x7J371tWlbBdWHroy99KnVB6qIkUbs5X3UQ==
