
Microsoft Visual Studio Solution File, Format Version 12.00
# Visual Studio Version 17
VisualStudioVersion = 17.0.32112.339
MinimumVisualStudioVersion = 10.0.40219.1
Project("{9A19103F-16F7-4668-BE54-9A1E7A4F7556}") = "utilities", "utilities.csproj", "{41D62176-3BF4-4192-BFE6-3CFE82557DF6}"
EndProject
Global
	GlobalSection(SolutionConfigurationPlatforms) = preSolution
		Debug|Any CPU = Debug|Any CPU
		Release|Any CPU = Release|Any CPU
	EndGlobalSection
	GlobalSection(ProjectConfigurationPlatforms) = postSolution
		{41D62176-3BF4-4192-BFE6-3CFE82557DF6}.Debug|Any CPU.ActiveCfg = Debug|Any CPU
		{41D62176-3BF4-4192-BFE6-3CFE82557DF6}.Debug|Any CPU.Build.0 = Debug|Any CPU
		{41D62176-3BF4-4192-BFE6-3CFE82557DF6}.Release|Any CPU.ActiveCfg = Release|Any CPU
		{41D62176-3BF4-4192-BFE6-3CFE82557DF6}.Release|Any CPU.Build.0 = Release|Any CPU
	EndGlobalSection
	GlobalSection(SolutionProperties) = preSolution
		HideSolutionNode = FALSE
	EndGlobalSection
	GlobalSection(ExtensibilityGlobals) = postSolution
		SolutionGuid = {79337323-3FCA-42C0-B2AD-2F8B1EF9549B}
	EndGlobalSection
EndGlobal
